
Microsoft Visual Studio Solution File, Format Version 11.00
# Visual Studio 2010
Project("{FAE04EC0-301F-11D3-BF4B-00C04F79EFBC}") = "Cadastro.Model", "Cadastro.Model\Cadastro.Model.csproj", "{10170762-2E84-4FEA-AB15-C2AF33245679}"
EndProject
Project("{FAE04EC0-301F-11D3-BF4B-00C04F79EFBC}") = "Cadastro.Servico", "Cadastro.Servico\Cadastro.Servico.csproj", "{51A8705C-A90C-41C4-BFB0-883913927AD9}"
EndProject
Project("{FAE04EC0-301F-11D3-BF4B-00C04F79EFBC}") = "Cadastro.Repositorios", "Cadastro.Repositorios\Cadastro.Repositorios.csproj", "{9031CD8B-1745-4733-91D8-23F74AC9596B}"
EndProject
Project("{2150E333-8FDC-42A3-9474-1A3956D46DE8}") = "Dominio", "Dominio", "{6C28D0BF-D01B-437C-B4D3-6D09B0B5D0BE}"
EndProject
Project("{2150E333-8FDC-42A3-9474-1A3956D46DE8}") = "Infraestrutura", "Infraestrutura", "{37F371FF-E3B1-441B-B640-9A3EBAF21D4E}"
EndProject
Project("{FAE04EC0-301F-11D3-BF4B-00C04F79EFBC}") = "Cadastro.DAL", "Cadastro.DAL\Cadastro.DAL.csproj", "{A64E60D9-FF2A-4DF8-A075-A01FC8A852F9}"
EndProject
Project("{FAE04EC0-301F-11D3-BF4B-00C04F79EFBC}") = "Cadastro.DAL.SqlProvider", "Cadastro.DAL.SqlProvider\Cadastro.DAL.SqlProvider.csproj", "{D2A63467-5C6F-4435-BDEA-EC2BF5448784}"
EndProject
Project("{FAE04EC0-301F-11D3-BF4B-00C04F79EFBC}") = "Cadastro.Factory", "Cadastro.Factory\Cadastro.Factory.csproj", "{93B25721-38D6-49C3-92AE-034A88AF1205}"
EndProject
Project("{2150E333-8FDC-42A3-9474-1A3956D46DE8}") = "Testes", "Testes", "{A330EB06-228E-4BC5-9AA2-4700349726E7}"
EndProject
Project("{FAE04EC0-301F-11D3-BF4B-00C04F79EFBC}") = "Cadastro.DAL.SqlProvider.Teste", "Cadastro.DAL.SqlProvider.Teste\Cadastro.DAL.SqlProvider.Teste.csproj", "{8187E037-DCC7-4AC6-B4D3-490403D9E142}"
EndProject
Project("{2150E333-8FDC-42A3-9474-1A3956D46DE8}") = "Solution Items", "Solution Items", "{474691CF-E4FB-49AB-936C-11065E93D410}"
	ProjectSection(SolutionItems) = preProject
		Cadastro.vsmdi = Cadastro.vsmdi
		Local.testsettings = Local.testsettings
		TraceAndTestImpact.testsettings = TraceAndTestImpact.testsettings
	EndProjectSection
EndProject
Project("{FAE04EC0-301F-11D3-BF4B-00C04F79EFBC}") = "Cadastro.Repositorios.Teste", "Cadastro.Repositorios.Teste\Cadastro.Repositorios.Teste.csproj", "{3D8177A6-07E0-4110-B943-68E225FA0A84}"
EndProject
Global
	GlobalSection(TestCaseManagementSettings) = postSolution
		CategoryFile = Cadastro.vsmdi
	EndGlobalSection
	GlobalSection(SolutionConfigurationPlatforms) = preSolution
		Debug|Any CPU = Debug|Any CPU
		Release|Any CPU = Release|Any CPU
	EndGlobalSection
	GlobalSection(ProjectConfigurationPlatforms) = postSolution
		{10170762-2E84-4FEA-AB15-C2AF33245679}.Debug|Any CPU.ActiveCfg = Debug|Any CPU
		{10170762-2E84-4FEA-AB15-C2AF33245679}.Debug|Any CPU.Build.0 = Debug|Any CPU
		{10170762-2E84-4FEA-AB15-C2AF33245679}.Release|Any CPU.ActiveCfg = Release|Any CPU
		{10170762-2E84-4FEA-AB15-C2AF33245679}.Release|Any CPU.Build.0 = Release|Any CPU
		{51A8705C-A90C-41C4-BFB0-883913927AD9}.Debug|Any CPU.ActiveCfg = Debug|Any CPU
		{51A8705C-A90C-41C4-BFB0-883913927AD9}.Debug|Any CPU.Build.0 = Debug|Any CPU
		{51A8705C-A90C-41C4-BFB0-883913927AD9}.Release|Any CPU.ActiveCfg = Release|Any CPU
		{51A8705C-A90C-41C4-BFB0-883913927AD9}.Release|Any CPU.Build.0 = Release|Any CPU
		{9031CD8B-1745-4733-91D8-23F74AC9596B}.Debug|Any CPU.ActiveCfg = Debug|Any CPU
		{9031CD8B-1745-4733-91D8-23F74AC9596B}.Debug|Any CPU.Build.0 = Debug|Any CPU
		{9031CD8B-1745-4733-91D8-23F74AC9596B}.Release|Any CPU.ActiveCfg = Release|Any CPU
		{9031CD8B-1745-4733-91D8-23F74AC9596B}.Release|Any CPU.Build.0 = Release|Any CPU
		{A64E60D9-FF2A-4DF8-A075-A01FC8A852F9}.Debug|Any CPU.ActiveCfg = Debug|Any CPU
		{A64E60D9-FF2A-4DF8-A075-A01FC8A852F9}.Debug|Any CPU.Build.0 = Debug|Any CPU
		{A64E60D9-FF2A-4DF8-A075-A01FC8A852F9}.Release|Any CPU.ActiveCfg = Release|Any CPU
		{A64E60D9-FF2A-4DF8-A075-A01FC8A852F9}.Release|Any CPU.Build.0 = Release|Any CPU
		{D2A63467-5C6F-4435-BDEA-EC2BF5448784}.Debug|Any CPU.ActiveCfg = Debug|Any CPU
		{D2A63467-5C6F-4435-BDEA-EC2BF5448784}.Debug|Any CPU.Build.0 = Debug|Any CPU
		{D2A63467-5C6F-4435-BDEA-EC2BF5448784}.Release|Any CPU.ActiveCfg = Release|Any CPU
		{D2A63467-5C6F-4435-BDEA-EC2BF5448784}.Release|Any CPU.Build.0 = Release|Any CPU
		{93B25721-38D6-49C3-92AE-034A88AF1205}.Debug|Any CPU.ActiveCfg = Debug|Any CPU
		{93B25721-38D6-49C3-92AE-034A88AF1205}.Debug|Any CPU.Build.0 = Debug|Any CPU
		{93B25721-38D6-49C3-92AE-034A88AF1205}.Release|Any CPU.ActiveCfg = Release|Any CPU
		{93B25721-38D6-49C3-92AE-034A88AF1205}.Release|Any CPU.Build.0 = Release|Any CPU
		{8187E037-DCC7-4AC6-B4D3-490403D9E142}.Debug|Any CPU.ActiveCfg = Debug|Any CPU
		{8187E037-DCC7-4AC6-B4D3-490403D9E142}.Debug|Any CPU.Build.0 = Debug|Any CPU
		{8187E037-DCC7-4AC6-B4D3-490403D9E142}.Release|Any CPU.ActiveCfg = Release|Any CPU
		{8187E037-DCC7-4AC6-B4D3-490403D9E142}.Release|Any CPU.Build.0 = Release|Any CPU
		{3D8177A6-07E0-4110-B943-68E225FA0A84}.Debug|Any CPU.ActiveCfg = Debug|Any CPU
		{3D8177A6-07E0-4110-B943-68E225FA0A84}.Debug|Any CPU.Build.0 = Debug|Any CPU
		{3D8177A6-07E0-4110-B943-68E225FA0A84}.Release|Any CPU.ActiveCfg = Release|Any CPU
		{3D8177A6-07E0-4110-B943-68E225FA0A84}.Release|Any CPU.Build.0 = Release|Any CPU
	EndGlobalSection
	GlobalSection(SolutionProperties) = preSolution
		HideSolutionNode = FALSE
	EndGlobalSection
	GlobalSection(NestedProjects) = preSolution
		{51A8705C-A90C-41C4-BFB0-883913927AD9} = {6C28D0BF-D01B-437C-B4D3-6D09B0B5D0BE}
		{9031CD8B-1745-4733-91D8-23F74AC9596B} = {6C28D0BF-D01B-437C-B4D3-6D09B0B5D0BE}
		{10170762-2E84-4FEA-AB15-C2AF33245679} = {6C28D0BF-D01B-437C-B4D3-6D09B0B5D0BE}
		{A64E60D9-FF2A-4DF8-A075-A01FC8A852F9} = {37F371FF-E3B1-441B-B640-9A3EBAF21D4E}
		{D2A63467-5C6F-4435-BDEA-EC2BF5448784} = {37F371FF-E3B1-441B-B640-9A3EBAF21D4E}
		{93B25721-38D6-49C3-92AE-034A88AF1205} = {37F371FF-E3B1-441B-B640-9A3EBAF21D4E}
		{8187E037-DCC7-4AC6-B4D3-490403D9E142} = {A330EB06-228E-4BC5-9AA2-4700349726E7}
	EndGlobalSection
EndGlobal
